# This file is automatically @generated by Cargo.
# It is not intended for manual editing.
[[package]]
name = "c2rust-asm-casts"
version = "0.1.1"
source = "registry+https://github.com/rust-lang/crates.io-index"
checksum = "61da1bee28b8e078a668885d6424a14fd0ea6a6b2646fdf4e44bda702df3fad8"

[[package]]
name = "libc"
version = "0.2.66"
source = "registry+https://github.com/rust-lang/crates.io-index"
checksum = "d515b1f41455adea1313a4a2ac8a8a477634fbae63cc6100e3aebb207ce61558"

[[package]]
name = "strophe"
version = "0.0.0"
dependencies = [
 "c2rust-asm-casts",
 "libc",
]
